
Microsoft Visual Studio Solution File, Format Version 12.00
# Visual Studio Version 17
VisualStudioVersion = 17.1.32421.90
MinimumVisualStudioVersion = 10.0.40219.1
Project("{FAE04EC0-301F-11D3-BF4B-00C04F79EFBC}") = "TestBackgroundWorker", "TestBackgroundWorker\TestBackgroundWorker.csproj", "{72CFA999-1E06-42BC-8D54-24F72677BF72}"
EndProject
Global
	GlobalSection(SolutionConfigurationPlatforms) = preSolution
		Debug|Any CPU = Debug|Any CPU
		Release|Any CPU = Release|Any CPU
	EndGlobalSection
	GlobalSection(ProjectConfigurationPlatforms) = postSolution
		{72CFA999-1E06-42BC-8D54-24F72677BF72}.Debug|Any CPU.ActiveCfg = Debug|Any CPU
		{72CFA999-1E06-42BC-8D54-24F72677BF72}.Debug|Any CPU.Build.0 = Debug|Any CPU
		{72CFA999-1E06-42BC-8D54-24F72677BF72}.Release|Any CPU.ActiveCfg = Release|Any CPU
		{72CFA999-1E06-42BC-8D54-24F72677BF72}.Release|Any CPU.Build.0 = Release|Any CPU
	EndGlobalSection
	GlobalSection(SolutionProperties) = preSolution
		HideSolutionNode = FALSE
	EndGlobalSection
	GlobalSection(ExtensibilityGlobals) = postSolution
		SolutionGuid = {0BEE107C-41CD-482A-9D61-886B2E2510C7}
	EndGlobalSection
EndGlobal
